
Microsoft Visual Studio Solution File, Format Version 11.00
# Visual Studio 2010
Project("{FAE04EC0-301F-11D3-BF4B-00C04F79EFBC}") = "ValveBlockDesign", "ValveBlockDesign\ValveBlockDesign.csproj", "{DBE32E9A-4DE5-4DE2-B1AA-01FC1FB2D495}"
EndProject
Project("{54435603-DBB4-11D2-8724-00A0C9A8B90C}") = "Setup1", "Setup1\Setup1.vdproj", "{106627B1-43F6-4832-8C62-5301A7AE54D2}"
EndProject
Global
	GlobalSection(SolutionConfigurationPlatforms) = preSolution
		Debug|Any CPU = Debug|Any CPU
		Release|Any CPU = Release|Any CPU
	EndGlobalSection
	GlobalSection(ProjectConfigurationPlatforms) = postSolution
		{DBE32E9A-4DE5-4DE2-B1AA-01FC1FB2D495}.Debug|Any CPU.ActiveCfg = Debug|Any CPU
		{DBE32E9A-4DE5-4DE2-B1AA-01FC1FB2D495}.Debug|Any CPU.Build.0 = Debug|Any CPU
		{DBE32E9A-4DE5-4DE2-B1AA-01FC1FB2D495}.Release|Any CPU.ActiveCfg = Release|Any CPU
		{DBE32E9A-4DE5-4DE2-B1AA-01FC1FB2D495}.Release|Any CPU.Build.0 = Release|Any CPU
		{106627B1-43F6-4832-8C62-5301A7AE54D2}.Debug|Any CPU.ActiveCfg = Debug
		{106627B1-43F6-4832-8C62-5301A7AE54D2}.Release|Any CPU.ActiveCfg = Release
	EndGlobalSection
	GlobalSection(SolutionProperties) = preSolution
		HideSolutionNode = FALSE
	EndGlobalSection
EndGlobal
